
Microsoft Visual Studio Solution File, Format Version 12.00
# Visual Studio 15
VisualStudioVersion = 15.0.28010.2036
MinimumVisualStudioVersion = 10.0.40219.1
Project("{FAE04EC0-301F-11D3-BF4B-00C04F79EFBC}") = "ActiveDirectory", "ActiveDirectory\ActiveDirectory.csproj", "{1FF42992-AA6A-43B2-A221-9E4FDEEBBCA1}"
EndProject
Global
	GlobalSection(SolutionConfigurationPlatforms) = preSolution
		Debug|Any CPU = Debug|Any CPU
		Release|Any CPU = Release|Any CPU
	EndGlobalSection
	GlobalSection(ProjectConfigurationPlatforms) = postSolution
		{1FF42992-AA6A-43B2-A221-9E4FDEEBBCA1}.Debug|Any CPU.ActiveCfg = Debug|Any CPU
		{1FF42992-AA6A-43B2-A221-9E4FDEEBBCA1}.Debug|Any CPU.Build.0 = Debug|Any CPU
		{1FF42992-AA6A-43B2-A221-9E4FDEEBBCA1}.Release|Any CPU.ActiveCfg = Release|Any CPU
		{1FF42992-AA6A-43B2-A221-9E4FDEEBBCA1}.Release|Any CPU.Build.0 = Release|Any CPU
	EndGlobalSection
	GlobalSection(SolutionProperties) = preSolution
		HideSolutionNode = FALSE
	EndGlobalSection
	GlobalSection(ExtensibilityGlobals) = postSolution
		SolutionGuid = {4848E521-CB89-476B-8DD0-2F1D10085526}
	EndGlobalSection
EndGlobal
